# THIS IS AN AUTOGENERATED FILE. DO NOT EDIT THIS FILE DIRECTLY.
# yarn lockfile v1


import-meta-resolve@^2.1.0:
  version "2.1.0"
  resolved "https://registry.yarnpkg.com/import-meta-resolve/-/import-meta-resolve-2.1.0.tgz#c8952d331ed6e9bb6ad524a7549deb3d34af41ce"
  integrity sha512-yG9pxkWJVTy4cmRsNWE3ztFdtFuYIV8G4N+cbCkO8b+qngkLyIUhxQFuZ0qJm67+0nUOxjMPT7nfksPKza1v2g==

nbb@^0.7.135:
  version "0.7.135"
  resolved "https://registry.yarnpkg.com/nbb/-/nbb-0.7.135.tgz#1a806c6cd1656da85a23107a1c994f7db6a72ae7"
  integrity sha512-mojt/az9RWSV3CAzMLq64fD4MmXjmnHdEuC7E1fIpQa8M3sRUlKAMSOXTBebiy5Yg9M1WffHGWr8IwUZF9Qg3w==
  dependencies:
    import-meta-resolve "^2.1.0"
